# This file is automatically @generated by Poetry 1.8.4 and should not be changed by hand.

[[package]]
name = "wheel"
version = "0.45.1"
description = "A built-package format for Python"
optional = false
python-versions = ">=3.8"
files = [
    {file = "wheel-0.45.1-py3-none-any.whl", hash = "sha256:708e7481cc80179af0e556bbf0cc00b8444c7321e2700b8d8580231d13017248"},
    {file = "wheel-0.45.1.tar.gz", hash = "sha256:661e1abd9198507b1409a20c02106d9670b2576e916d58f520316666abca6729"},
]

[package.extras]
test = ["pytest (>=6.0.0)", "setuptools (>=65)"]

[metadata]
lock-version = "2.0"
python-versions = "^3.13"
content-hash = "aa7fc0282737ed165568b57e602e012c50c84c7fcd5a9f33da79accddc3ff922"
